<?xml version="1.0" encoding="utf-8"?>
<Project ToolsVersion="4.0" xmlns="http://schemas.microsoft.com/developer/msbuild/2003">
  <ItemGroup>
    <Filter Include="__resource__">
      <UniqueIdentifier>{f3d176b5-d47b-448b-b153-f0db5b732979}</UniqueIdentifier>
    </Filter>
    <Filter Include="__resource_file__">
      <UniqueIdentifier>{67DA6AB6-F800-4c08-8B7A-83BB121AAD01}</UniqueIdentifier>
      <Extensions>rc;ico;cur;bmp;dlg;rc2;rct;bin;rgs;gif;jpg;jpeg;jpe;resx;tiff;tif;png;wav;mfcribbon-ms</Extensions>
    </Filter>
    <Filter Include="__property__">
      <UniqueIdentifier>{189b1515-d620-4781-bc28-b481b776281c}</UniqueIdentifier>
    </Filter>
    <Filter Include="MAIN">
      <UniqueIdentifier>{c5a1ee1d-0f73-444b-b554-9620749edd5c}</UniqueIdentifier>
    </Filter>
    <Filter Include="FRAME">
      <UniqueIdentifier>{2893a701-f775-4067-80d4-dff7ead1a0be}</UniqueIdentifier>
    </Filter>
    <Filter Include="PRODUCT">
      <UniqueIdentifier>{a6d04114-6894-4e0d-b210-3ecc63660a8c}</UniqueIdentifier>
    </Filter>
    <Filter Include="PRODUCT\Define">
      <UniqueIdentifier>{8215e333-da2e-4538-b8cf-62e089b75ae9}</UniqueIdentifier>
    </Filter>
  </ItemGroup>
  <ItemGroup>
    <ClInclude Include="Resource.h">
      <Filter>__resource__</Filter>
    </ClInclude>
    <ClInclude Include="calendarbar.h">
      <Filter>FRAME</Filter>
    </ClInclude>
    <ClInclude Include="ChildFrm.h">
      <Filter>FRAME</Filter>
    </ClInclude>
    <ClInclude Include="MainFrm.h">
      <Filter>FRAME</Filter>
    </ClInclude>
    <ClInclude Include="Editor.h">
      <Filter>MAIN</Filter>
    </ClInclude>
    <ClInclude Include="EditorDoc.h">
      <Filter>MAIN</Filter>
    </ClInclude>
    <ClInclude Include="EditorView.h">
      <Filter>MAIN</Filter>
    </ClInclude>
    <ClInclude Include="framework.h">
      <Filter>__property__</Filter>
    </ClInclude>
    <ClInclude Include="pch.h">
      <Filter>__property__</Filter>
    </ClInclude>
    <ClInclude Include="targetver.h">
      <Filter>__property__</Filter>
    </ClInclude>
    <ClInclude Include="ProductInfoImpl.h">
      <Filter>PRODUCT</Filter>
    </ClInclude>
    <ClInclude Include="Product.h">
      <Filter>PRODUCT\Define</Filter>
    </ClInclude>
  </ItemGroup>
  <ItemGroup>
    <ClCompile Include="ChildFrm.cpp">
      <Filter>FRAME</Filter>
    </ClCompile>
    <ClCompile Include="MainFrm.cpp">
      <Filter>FRAME</Filter>
    </ClCompile>
    <ClCompile Include="calendarbar.cpp">
      <Filter>FRAME</Filter>
    </ClCompile>
    <ClCompile Include="Editor.cpp">
      <Filter>MAIN</Filter>
    </ClCompile>
    <ClCompile Include="EditorDoc.cpp">
      <Filter>MAIN</Filter>
    </ClCompile>
    <ClCompile Include="EditorView.cpp">
      <Filter>MAIN</Filter>
    </ClCompile>
    <ClCompile Include="pch.cpp">
      <Filter>__property__</Filter>
    </ClCompile>
    <ClCompile Include="ProductInfoImpl.cpp">
      <Filter>PRODUCT</Filter>
    </ClCompile>
  </ItemGroup>
  <ItemGroup>
    <None Include="Editor.reg" />
    <None Include="res\ribbon.mfcribbon-ms">
      <Filter>__resource_file__</Filter>
    </None>
    <None Include="res\Editor.rc2">
      <Filter>__resource__</Filter>
    </None>
  </ItemGroup>
  <ItemGroup>
    <Image Include="res\nav_large.bmp">
      <Filter>__resource_file__</Filter>
    </Image>
    <Image Include="res\nav_large_hc.bmp">
      <Filter>__resource_file__</Filter>
    </Image>
    <Image Include="res\pages.bmp">
      <Filter>__resource_file__</Filter>
    </Image>
    <Image Include="res\pages_hc.bmp">
      <Filter>__resource_file__</Filter>
    </Image>
    <Image Include="res\pages_small.bmp">
      <Filter>__resource_file__</Filter>
    </Image>
    <Image Include="res\pages_small_hc.bmp">
      <Filter>__resource_file__</Filter>
    </Image>
    <Image Include="res\info.bmp">
      <Filter>__resource_file__</Filter>
    </Image>
    <Image Include="res\buttons.bmp">
      <Filter>__resource_file__</Filter>
    </Image>
    <Image Include="res\filelarge.bmp">
      <Filter>__resource_file__</Filter>
    </Image>
    <Image Include="res\filesmall.bmp">
      <Filter>__resource_file__</Filter>
    </Image>
    <Image Include="res\main.bmp">
      <Filter>__resource_file__</Filter>
    </Image>
    <Image Include="res\writelarge.bmp">
      <Filter>__resource_file__</Filter>
    </Image>
    <Image Include="res\writesmall.bmp">
      <Filter>__resource_file__</Filter>
    </Image>
    <Image Include="res\EditorDoc.ico">
      <Filter>__resource_file__</Filter>
    </Image>
    <Image Include="res\Editor.ico">
      <Filter>__resource_file__</Filter>
    </Image>
    <Image Include="res\Toolbar.bmp">
      <Filter>__resource_file__</Filter>
    </Image>
    <Image Include="res\Toolbar256.bmp">
      <Filter>__resource_file__</Filter>
    </Image>
  </ItemGroup>
  <ItemGroup>
    <ResourceCompile Include="Editor.rc">
      <Filter>__resource__</Filter>
    </ResourceCompile>
  </ItemGroup>
</Project>